lockfile_version: '1'
generated_at: '2026-06-22T21:42:17.318235+00:00'
apm_version: 0.21.0
dependencies:
- repo_url: webmaxru/ai-native-dev
  host: github.com
  resolved_commit: de031d33909ee7bbcaa47304f62612fdb2b3103b
  virtual_path: prompts/version-bump-and-deploy.prompt.md
  is_virtual: true
  package_type: apm_package
  deployed_files:
  - .github/prompts/version-bump-and-deploy.prompt.md
  deployed_file_hashes:
    .github/prompts/version-bump-and-deploy.prompt.md: sha256:10ebeed1b37e36c384329f6764b46268e5a877d682d0c432b29495e2d1169439
  content_hash: sha256:e13ab845332c9a696fb21d53abfbd037a2af26e364e2bd2afac3a51c562bb2e4
- repo_url: webmaxru/ai-native-dev
  host: github.com
  resolved_commit: d8581f387341829f0e454b8246a07b4e648bb9ed
  virtual_path: skills/agent-package-manager
  is_virtual: true
  package_type: claude_skill
  deployed_files:
  - .agents/skills/agent-package-manager
  - .agents/skills/agent-package-manager/SKILL.md
  - .agents/skills/agent-package-manager/assets/apm.yml.template
  - .agents/skills/agent-package-manager/references/command-workflows.md
  - .agents/skills/agent-package-manager/references/manifest-and-lockfile.md
  - .agents/skills/agent-package-manager/references/troubleshooting.md
  deployed_file_hashes:
    .agents/skills/agent-package-manager/SKILL.md: sha256:b965d8cd4fa83bc135f8500f5122646ff51ee5be2209a828959cbc64a5c9fdaa
    .agents/skills/agent-package-manager/assets/apm.yml.template: sha256:bdb996550d9bb66228d642ab7d8acc30f671605a911f8360356c8816cec96b8c
    .agents/skills/agent-package-manager/references/command-workflows.md: sha256:b111e4177614236f958765d5f442bc9971c261fa9b434bcd285064df0acc59a2
    .agents/skills/agent-package-manager/references/manifest-and-lockfile.md: sha256:86692e91aef6a332a52db6f1ea30a94cd7eb1720773b7221607d3e37ccf04533
    .agents/skills/agent-package-manager/references/troubleshooting.md: sha256:f57abc15c6c6bca5cf6f3fee02690aa68f2859fa4c58e5c8241c4e33b35e8f5f
  content_hash: sha256:23703369f67a877630aae5b99c3e8c44282046485078acad7e4b3dc61afd54f9
- repo_url: webmaxru/ai-native-dev
  host: github.com
  resolved_commit: d8581f387341829f0e454b8246a07b4e648bb9ed
  virtual_path: skills/agent-skill-deploy
  is_virtual: true
  package_type: claude_skill
  deployed_files:
  - .agents/skills/agent-skill-deploy
  - .agents/skills/agent-skill-deploy/SKILL.md
  - .agents/skills/agent-skill-deploy/references/surfaces.md
  - .agents/skills/agent-skill-deploy/scripts/deploy-analyze.mjs
  - .agents/skills/agent-skill-deploy/scripts/deploy-execute.mjs
  - .agents/skills/agent-skill-deploy/scripts/deploy-preflight.mjs
  deployed_file_hashes:
    .agents/skills/agent-skill-deploy/SKILL.md: sha256:c4466e8fee9177ed63fb2150d9c031f67376e37eb4c0b30df9005a1408353189
    .agents/skills/agent-skill-deploy/references/surfaces.md: sha256:d4ecefb9393beabe676dbf4f611a8afc7c10f0dd9cadee881c00d6c56eea4675
    .agents/skills/agent-skill-deploy/scripts/deploy-analyze.mjs: sha256:88d551c2f879f2e4c72b720f998d908e5d3e56e0d63c55716554a86a1ee0521a
    .agents/skills/agent-skill-deploy/scripts/deploy-execute.mjs: sha256:75dfa2f815e277904f2995523508ba57cd244a5f29a6ac143f11b2ddb01d8bff
    .agents/skills/agent-skill-deploy/scripts/deploy-preflight.mjs: sha256:a7fa3badd63e2ffd86d74f439f5709f2f8709914f38e8f78198a703869252834
  content_hash: sha256:259c6df42c8e886c48f3e4a3593d185fbeb184b788da625351981a91b895d6be
- repo_url: webmaxru/ai-native-dev
  host: github.com
  resolved_commit: 3ad12ce9b69cfff3facbc1a227205695f20a0ea4
  virtual_path: skills/ard-registry-builder
  is_virtual: true
  package_type: claude_skill
  deployed_files:
  - .agents/skills/ard-registry-builder
  - .agents/skills/ard-registry-builder/SKILL.md
  - .agents/skills/ard-registry-builder/assets/ai-catalog.schema.json
  - .agents/skills/ard-registry-builder/assets/templates/enterprise.json
  - .agents/skills/ard-registry-builder/assets/templates/local-dev.json
  - .agents/skills/ard-registry-builder/assets/templates/minimal.json
  - .agents/skills/ard-registry-builder/evals/evals.json
  - .agents/skills/ard-registry-builder/evals/files/broken-catalog.json
  - .agents/skills/ard-registry-builder/references/data-model.md
  - .agents/skills/ard-registry-builder/references/publishing.md
  - .agents/skills/ard-registry-builder/references/registry-api.md
  - .agents/skills/ard-registry-builder/references/validation-rules.md
  - .agents/skills/ard-registry-builder/scripts/new_catalog.py
  - .agents/skills/ard-registry-builder/scripts/test_registry.py
  - .agents/skills/ard-registry-builder/scripts/validate_catalog.py
  deployed_file_hashes:
    .agents/skills/ard-registry-builder/SKILL.md: sha256:d50ef6e32c1b766856f8eae90f4b6a8be0e22ae0a93f5b970dbb287992ed0cc1
    .agents/skills/ard-registry-builder/assets/ai-catalog.schema.json: sha256:c55238483a4738e08b250bdd6af1f4dc05a91afe882c649d224d09c19cd8fe09
    .agents/skills/ard-registry-builder/assets/templates/enterprise.json: sha256:1e3a6c1a0c58495f0280ada311484a5a73e1a5f50909e70dd375ce65b7345447
    .agents/skills/ard-registry-builder/assets/templates/local-dev.json: sha256:b1123454b7eef1a69e6b902e5e1857f058a368bc2ed309615468db5afdf138b0
    .agents/skills/ard-registry-builder/assets/templates/minimal.json: sha256:80e54002df5c7a4fddc76adfdabf8d75d4c302d5edec6bb5e1ff8c56498da60b
    .agents/skills/ard-registry-builder/evals/evals.json: sha256:080891a9d546d3a2e10bce4b5f3a707947e3b6e61607c5783eadaa128c6d7849
    .agents/skills/ard-registry-builder/evals/files/broken-catalog.json: sha256:1c16c317ce8f1cfba707b3ee495a56908b5b4eda698131ee855a45b49df5f8ad
    .agents/skills/ard-registry-builder/references/data-model.md: sha256:e3628fdcaa220787e110e7f05c15b342329b301e5bf5fc569c561f22dd446b73
    .agents/skills/ard-registry-builder/references/publishing.md: sha256:a3b390ec3623080f7c46894670c6140b0de3394e837fcf45d3cee2183c209474
    .agents/skills/ard-registry-builder/references/registry-api.md: sha256:21fcfc86a2b7923f0972564754eb81b5cfe31953b9ee80139790cac985d38269
    .agents/skills/ard-registry-builder/references/validation-rules.md: sha256:e784074828d71d1563ffd5863de00addf27aeaecff26119a22ee7ea44c73edff
    .agents/skills/ard-registry-builder/scripts/new_catalog.py: sha256:cc115b8e430eae8b07e5ee59980fd3c8fd2f136d78abd2c8d44aba1f9d90fec1
    .agents/skills/ard-registry-builder/scripts/test_registry.py: sha256:67f8e77d76866bc2a9b57553d762f889d47b0bd84078950c883b809b0064f923
    .agents/skills/ard-registry-builder/scripts/validate_catalog.py: sha256:5b824902a5ac36aac48c7be42cfbb50475b6732bb47938f164a1bded48b36c3f
  content_hash: sha256:6305cd221bbc435003ed0ffc4e9254cde999851737900c261f71235518b58d9c
- repo_url: webmaxru/ai-native-dev
  host: github.com
  resolved_commit: d8581f387341829f0e454b8246a07b4e648bb9ed
  virtual_path: skills/github-agentic-workflows
  is_virtual: true
  package_type: claude_skill
  deployed_files:
  - .agents/skills/github-agentic-workflows
  - .agents/skills/github-agentic-workflows/SKILL.md
  - .agents/skills/github-agentic-workflows/assets/workflow.template.md
  - .agents/skills/github-agentic-workflows/references/authoring.md
  - .agents/skills/github-agentic-workflows/references/examples.md
  - .agents/skills/github-agentic-workflows/references/security-and-operations.md
  - .agents/skills/github-agentic-workflows/references/troubleshooting.md
  - .agents/skills/github-agentic-workflows/scripts/find-gh-aw-targets.mjs
  deployed_file_hashes:
    .agents/skills/github-agentic-workflows/SKILL.md: sha256:b1495313d60f7a728e97cd56d6faa32d65de62545a1f331cfa4873f8f9a68759
    .agents/skills/github-agentic-workflows/assets/workflow.template.md: sha256:0f32061c1090fa5b1b745688649468949697504559ed21b64054598cac9ed6f0
    .agents/skills/github-agentic-workflows/references/authoring.md: sha256:719431c26108dad33d2d86064ad501e2396dc6f866e421b5105e318ff6aec838
    .agents/skills/github-agentic-workflows/references/examples.md: sha256:4a94f9918114d22f2748e94b7c23ad08821b7b543e7051f789ecfd7ed93221a6
    .agents/skills/github-agentic-workflows/references/security-and-operations.md: sha256:8aa7f638a8bab6903b34aa2fd5ad9594de9ac4abe0557a73b3b5ed13fccda474
    .agents/skills/github-agentic-workflows/references/troubleshooting.md: sha256:72b23b76f206c9fc9d907db5f818fd871c6c6691253bfc9ecb383d2ef3fac5f0
    .agents/skills/github-agentic-workflows/scripts/find-gh-aw-targets.mjs: sha256:220639cd966c1f9f6072b7e03cd7f45926b59f9fa9c67ae07dac0940c5f0fa39
  content_hash: sha256:8c58e7e5f1713c0e2d2373a15d785f0e363484720d6d7b5f1ef005b8e7ef564a
